
Microsoft Visual Studio Solution File, Format Version 12.00
# Visual Studio 2013
VisualStudioVersion = 12.0.30501.0
MinimumVisualStudioVersion = 10.0.40219.1
Project("{FAE04EC0-301F-11D3-BF4B-00C04F79EFBC}") = "WoodsHardwareMMR", "WoodsHardwareMMR\WoodsHardwareMMR.csproj", "{EAD7C10C-113B-437F-B6EC-90326038F07A}"
EndProject
Global
	GlobalSection(TeamFoundationVersionControl) = preSolution
		SccNumberOfProjects = 2
		SccEnterpriseProvider = {4CA58AB2-18FA-4F8D-95D4-32DDF27D184C}
		SccTeamFoundationServer = https://nickspreitzer.visualstudio.com/defaultcollection
		SccLocalPath0 = .
		SccProjectUniqueName1 = WoodsHardwareMMR\\WoodsHardwareMMR.csproj
		SccProjectName1 = WoodsHardwareMMR
		SccLocalPath1 = WoodsHardwareMMR
	EndGlobalSection
	GlobalSection(SolutionConfigurationPlatforms) = preSolution
		Debug|Any CPU = Debug|Any CPU
		Release|Any CPU = Release|Any CPU
	EndGlobalSection
	GlobalSection(ProjectConfigurationPlatforms) = postSolution
		{EAD7C10C-113B-437F-B6EC-90326038F07A}.Debug|Any CPU.ActiveCfg = Debug|Any CPU
		{EAD7C10C-113B-437F-B6EC-90326038F07A}.Debug|Any CPU.Build.0 = Debug|Any CPU
		{EAD7C10C-113B-437F-B6EC-90326038F07A}.Release|Any CPU.ActiveCfg = Release|Any CPU
		{EAD7C10C-113B-437F-B6EC-90326038F07A}.Release|Any CPU.Build.0 = Release|Any CPU
	EndGlobalSection
	GlobalSection(SolutionProperties) = preSolution
		HideSolutionNode = FALSE
	EndGlobalSection
EndGlobal
